
Microsoft Visual Studio Solution File, Format Version 12.00
# Visual Studio Version 16
VisualStudioVersion = 16.0.29509.3
MinimumVisualStudioVersion = 10.0.40219.1
Project("{FAE04EC0-301F-11D3-BF4B-00C04F79EFBC}") = "ControlLogicEEPROMGenerator", "ControlLogicEEPROMGenerator\ControlLogicEEPROMGenerator.csproj", "{61EF96B7-1794-4C63-B770-4BEF8B03C7CF}"
EndProject
Project("{FAE04EC0-301F-11D3-BF4B-00C04F79EFBC}") = "CompLib", "8BitLib\CompLib.csproj", "{7C504C28-95D2-49DC-B96E-185404B6B3B0}"
EndProject
Global
	GlobalSection(SolutionConfigurationPlatforms) = preSolution
		Debug|Any CPU = Debug|Any CPU
		Release|Any CPU = Release|Any CPU
	EndGlobalSection
	GlobalSection(ProjectConfigurationPlatforms) = postSolution
		{61EF96B7-1794-4C63-B770-4BEF8B03C7CF}.Debug|Any CPU.ActiveCfg = Debug|Any CPU
		{61EF96B7-1794-4C63-B770-4BEF8B03C7CF}.Debug|Any CPU.Build.0 = Debug|Any CPU
		{61EF96B7-1794-4C63-B770-4BEF8B03C7CF}.Release|Any CPU.ActiveCfg = Release|Any CPU
		{61EF96B7-1794-4C63-B770-4BEF8B03C7CF}.Release|Any CPU.Build.0 = Release|Any CPU
		{7C504C28-95D2-49DC-B96E-185404B6B3B0}.Debug|Any CPU.ActiveCfg = Debug|Any CPU
		{7C504C28-95D2-49DC-B96E-185404B6B3B0}.Debug|Any CPU.Build.0 = Debug|Any CPU
		{7C504C28-95D2-49DC-B96E-185404B6B3B0}.Release|Any CPU.ActiveCfg = Release|Any CPU
		{7C504C28-95D2-49DC-B96E-185404B6B3B0}.Release|Any CPU.Build.0 = Release|Any CPU
	EndGlobalSection
	GlobalSection(SolutionProperties) = preSolution
		HideSolutionNode = FALSE
	EndGlobalSection
	GlobalSection(ExtensibilityGlobals) = postSolution
		SolutionGuid = {0098CC7F-CB1D-4588-86CD-A67E995EC0EC}
	EndGlobalSection
EndGlobal
